
Microsoft Visual Studio Solution File, Format Version 12.00
# Visual Studio 15
VisualStudioVersion = 15.0.26124.0
MinimumVisualStudioVersion = 15.0.26124.0
Project("{2150E333-8FDC-42A3-9474-1A3956D46DE8}") = "src", "src", "{23D04F1F-0F5F-4C3D-8581-D79C4A04D787}"
EndProject
Project("{2150E333-8FDC-42A3-9474-1A3956D46DE8}") = "Banking", "Banking", "{9460F699-2B9B-4EF4-9F65-011AB28EED9F}"
EndProject
Project("{9A19103F-16F7-4668-BE54-9A1E7A4F7556}") = "Banking.Api", "src\Banking\Banking.Api\Banking.Api.csproj", "{C3736074-86A0-417D-9E16-D6E5EC1E4393}"
EndProject
Project("{2150E333-8FDC-42A3-9474-1A3956D46DE8}") = "SelfService", "SelfService", "{91320802-8527-4ADF-89DA-76F42604E272}"
EndProject
Project("{9A19103F-16F7-4668-BE54-9A1E7A4F7556}") = "SelfService.Api", "src\SelfService\SelfService.Api\SelfService.Api.csproj", "{4FB5579F-50E8-4585-8D69-6B5293A679EE}"
EndProject
Project("{E53339B2-1760-4266-BCC7-CA923CBCF16C}") = "docker-compose", "docker-compose.dcproj", "{16C34DA1-97D6-425C-AE15-4A092455BF0A}"
EndProject
Project("{9A19103F-16F7-4668-BE54-9A1E7A4F7556}") = "Banking.Application", "src\Banking\Banking.Application\Banking.Application.csproj", "{91359696-2D32-4A7D-8882-33FD1AECD185}"
EndProject
Project("{9A19103F-16F7-4668-BE54-9A1E7A4F7556}") = "Banking.Application.FunctionalTests", "src\Banking\Banking.Application.FunctionalTests\Banking.Application.FunctionalTests.csproj", "{E0A43122-FCD0-4ED0-A9A9-DCDA6DF0F07C}"
EndProject
Project("{9A19103F-16F7-4668-BE54-9A1E7A4F7556}") = "Banking.Domain", "src\Banking\Banking.Domain\Banking.Domain.csproj", "{9266D49B-2A90-4945-AE77-BDA85CC8FF9B}"
EndProject
Project("{9A19103F-16F7-4668-BE54-9A1E7A4F7556}") = "Banking.Domain.Tests", "src\Banking\Banking.Domain.Tests\Banking.Domain.Tests.csproj", "{55056BDF-B58C-4D34-93C4-771ECE50FC32}"
EndProject
Project("{9A19103F-16F7-4668-BE54-9A1E7A4F7556}") = "Banking.Infrastructure", "src\Banking\Banking.Infrastructure\Banking.Infrastructure.csproj", "{34B96D5C-6727-46AF-B505-08FEFB040806}"
EndProject
Project("{9A19103F-16F7-4668-BE54-9A1E7A4F7556}") = "Banking.IntegrationEvents", "src\Banking\Banking.IntegrationEvents\Banking.IntegrationEvents.csproj", "{897E84BC-7FAA-46E1-BF2B-3F66DC042032}"
EndProject
Project("{2150E333-8FDC-42A3-9474-1A3956D46DE8}") = "ApiGateways", "ApiGateways", "{A8E48965-BE7E-4CAE-A4A7-90DD284843F8}"
EndProject
Project("{2150E333-8FDC-42A3-9474-1A3956D46DE8}") = "ApiGw-Base", "ApiGw-Base", "{42E9C0D4-41E2-448E-A8F2-65FE533CEAEC}"
EndProject
Project("{9A19103F-16F7-4668-BE54-9A1E7A4F7556}") = "CoreOcelotApiGateway", "src\ApiGateways\ApiGw-Base\CoreOcelotApiGateway\CoreOcelotApiGateway.csproj", "{15BEC4F4-BE6E-4DAB-9109-C81BB1B406C4}"
EndProject
Global
	GlobalSection(SolutionConfigurationPlatforms) = preSolution
		Debug|Any CPU = Debug|Any CPU
		Debug|x64 = Debug|x64
		Debug|x86 = Debug|x86
		Release|Any CPU = Release|Any CPU
		Release|x64 = Release|x64
		Release|x86 = Release|x86
	EndGlobalSection
	GlobalSection(ProjectConfigurationPlatforms) = postSolution
		{C3736074-86A0-417D-9E16-D6E5EC1E4393}.Debug|Any CPU.ActiveCfg = Debug|Any CPU
		{C3736074-86A0-417D-9E16-D6E5EC1E4393}.Debug|Any CPU.Build.0 = Debug|Any CPU
		{C3736074-86A0-417D-9E16-D6E5EC1E4393}.Debug|x64.ActiveCfg = Debug|Any CPU
		{C3736074-86A0-417D-9E16-D6E5EC1E4393}.Debug|x64.Build.0 = Debug|Any CPU
		{C3736074-86A0-417D-9E16-D6E5EC1E4393}.Debug|x86.ActiveCfg = Debug|Any CPU
		{C3736074-86A0-417D-9E16-D6E5EC1E4393}.Debug|x86.Build.0 = Debug|Any CPU
		{C3736074-86A0-417D-9E16-D6E5EC1E4393}.Release|Any CPU.ActiveCfg = Release|Any CPU
		{C3736074-86A0-417D-9E16-D6E5EC1E4393}.Release|Any CPU.Build.0 = Release|Any CPU
		{C3736074-86A0-417D-9E16-D6E5EC1E4393}.Release|x64.ActiveCfg = Release|Any CPU
		{C3736074-86A0-417D-9E16-D6E5EC1E4393}.Release|x64.Build.0 = Release|Any CPU
		{C3736074-86A0-417D-9E16-D6E5EC1E4393}.Release|x86.ActiveCfg = Release|Any CPU
		{C3736074-86A0-417D-9E16-D6E5EC1E4393}.Release|x86.Build.0 = Release|Any CPU
		{4FB5579F-50E8-4585-8D69-6B5293A679EE}.Debug|Any CPU.ActiveCfg = Debug|Any CPU
		{4FB5579F-50E8-4585-8D69-6B5293A679EE}.Debug|Any CPU.Build.0 = Debug|Any CPU
		{4FB5579F-50E8-4585-8D69-6B5293A679EE}.Debug|x64.ActiveCfg = Debug|Any CPU
		{4FB5579F-50E8-4585-8D69-6B5293A679EE}.Debug|x64.Build.0 = Debug|Any CPU
		{4FB5579F-50E8-4585-8D69-6B5293A679EE}.Debug|x86.ActiveCfg = Debug|Any CPU
		{4FB5579F-50E8-4585-8D69-6B5293A679EE}.Debug|x86.Build.0 = Debug|Any CPU
		{4FB5579F-50E8-4585-8D69-6B5293A679EE}.Release|Any CPU.ActiveCfg = Release|Any CPU
		{4FB5579F-50E8-4585-8D69-6B5293A679EE}.Release|Any CPU.Build.0 = Release|Any CPU
		{4FB5579F-50E8-4585-8D69-6B5293A679EE}.Release|x64.ActiveCfg = Release|Any CPU
		{4FB5579F-50E8-4585-8D69-6B5293A679EE}.Release|x64.Build.0 = Release|Any CPU
		{4FB5579F-50E8-4585-8D69-6B5293A679EE}.Release|x86.ActiveCfg = Release|Any CPU
		{4FB5579F-50E8-4585-8D69-6B5293A679EE}.Release|x86.Build.0 = Release|Any CPU
		{16C34DA1-97D6-425C-AE15-4A092455BF0A}.Debug|Any CPU.ActiveCfg = Debug|Any CPU
		{16C34DA1-97D6-425C-AE15-4A092455BF0A}.Debug|Any CPU.Build.0 = Debug|Any CPU
		{16C34DA1-97D6-425C-AE15-4A092455BF0A}.Debug|x64.ActiveCfg = Debug|Any CPU
		{16C34DA1-97D6-425C-AE15-4A092455BF0A}.Debug|x64.Build.0 = Debug|Any CPU
		{16C34DA1-97D6-425C-AE15-4A092455BF0A}.Debug|x86.ActiveCfg = Debug|Any CPU
		{16C34DA1-97D6-425C-AE15-4A092455BF0A}.Debug|x86.Build.0 = Debug|Any CPU
		{16C34DA1-97D6-425C-AE15-4A092455BF0A}.Release|Any CPU.ActiveCfg = Release|Any CPU
		{16C34DA1-97D6-425C-AE15-4A092455BF0A}.Release|Any CPU.Build.0 = Release|Any CPU
		{16C34DA1-97D6-425C-AE15-4A092455BF0A}.Release|x64.ActiveCfg = Release|Any CPU
		{16C34DA1-97D6-425C-AE15-4A092455BF0A}.Release|x64.Build.0 = Release|Any CPU
		{16C34DA1-97D6-425C-AE15-4A092455BF0A}.Release|x86.ActiveCfg = Release|Any CPU
		{16C34DA1-97D6-425C-AE15-4A092455BF0A}.Release|x86.Build.0 = Release|Any CPU
		{91359696-2D32-4A7D-8882-33FD1AECD185}.Debug|Any CPU.ActiveCfg = Debug|Any CPU
		{91359696-2D32-4A7D-8882-33FD1AECD185}.Debug|Any CPU.Build.0 = Debug|Any CPU
		{91359696-2D32-4A7D-8882-33FD1AECD185}.Debug|x64.ActiveCfg = Debug|Any CPU
		{91359696-2D32-4A7D-8882-33FD1AECD185}.Debug|x64.Build.0 = Debug|Any CPU
		{91359696-2D32-4A7D-8882-33FD1AECD185}.Debug|x86.ActiveCfg = Debug|Any CPU
		{91359696-2D32-4A7D-8882-33FD1AECD185}.Debug|x86.Build.0 = Debug|Any CPU
		{91359696-2D32-4A7D-8882-33FD1AECD185}.Release|Any CPU.ActiveCfg = Release|Any CPU
		{91359696-2D32-4A7D-8882-33FD1AECD185}.Release|Any CPU.Build.0 = Release|Any CPU
		{91359696-2D32-4A7D-8882-33FD1AECD185}.Release|x64.ActiveCfg = Release|Any CPU
		{91359696-2D32-4A7D-8882-33FD1AECD185}.Release|x64.Build.0 = Release|Any CPU
		{91359696-2D32-4A7D-8882-33FD1AECD185}.Release|x86.ActiveCfg = Release|Any CPU
		{91359696-2D32-4A7D-8882-33FD1AECD185}.Release|x86.Build.0 = Release|Any CPU
		{E0A43122-FCD0-4ED0-A9A9-DCDA6DF0F07C}.Debug|Any CPU.ActiveCfg = Debug|Any CPU
		{E0A43122-FCD0-4ED0-A9A9-DCDA6DF0F07C}.Debug|Any CPU.Build.0 = Debug|Any CPU
		{E0A43122-FCD0-4ED0-A9A9-DCDA6DF0F07C}.Debug|x64.ActiveCfg = Debug|Any CPU
		{E0A43122-FCD0-4ED0-A9A9-DCDA6DF0F07C}.Debug|x64.Build.0 = Debug|Any CPU
		{E0A43122-FCD0-4ED0-A9A9-DCDA6DF0F07C}.Debug|x86.ActiveCfg = Debug|Any CPU
		{E0A43122-FCD0-4ED0-A9A9-DCDA6DF0F07C}.Debug|x86.Build.0 = Debug|Any CPU
		{E0A43122-FCD0-4ED0-A9A9-DCDA6DF0F07C}.Release|Any CPU.ActiveCfg = Release|Any CPU
		{E0A43122-FCD0-4ED0-A9A9-DCDA6DF0F07C}.Release|Any CPU.Build.0 = Release|Any CPU
		{E0A43122-FCD0-4ED0-A9A9-DCDA6DF0F07C}.Release|x64.ActiveCfg = Release|Any CPU
		{E0A43122-FCD0-4ED0-A9A9-DCDA6DF0F07C}.Release|x64.Build.0 = Release|Any CPU
		{E0A43122-FCD0-4ED0-A9A9-DCDA6DF0F07C}.Release|x86.ActiveCfg = Release|Any CPU
		{E0A43122-FCD0-4ED0-A9A9-DCDA6DF0F07C}.Release|x86.Build.0 = Release|Any CPU
		{9266D49B-2A90-4945-AE77-BDA85CC8FF9B}.Debug|Any CPU.ActiveCfg = Debug|Any CPU
		{9266D49B-2A90-4945-AE77-BDA85CC8FF9B}.Debug|Any CPU.Build.0 = Debug|Any CPU
		{9266D49B-2A90-4945-AE77-BDA85CC8FF9B}.Debug|x64.ActiveCfg = Debug|Any CPU
		{9266D49B-2A90-4945-AE77-BDA85CC8FF9B}.Debug|x64.Build.0 = Debug|Any CPU
		{9266D49B-2A90-4945-AE77-BDA85CC8FF9B}.Debug|x86.ActiveCfg = Debug|Any CPU
		{9266D49B-2A90-4945-AE77-BDA85CC8FF9B}.Debug|x86.Build.0 = Debug|Any CPU
		{9266D49B-2A90-4945-AE77-BDA85CC8FF9B}.Release|Any CPU.ActiveCfg = Release|Any CPU
		{9266D49B-2A90-4945-AE77-BDA85CC8FF9B}.Release|Any CPU.Build.0 = Release|Any CPU
		{9266D49B-2A90-4945-AE77-BDA85CC8FF9B}.Release|x64.ActiveCfg = Release|Any CPU
		{9266D49B-2A90-4945-AE77-BDA85CC8FF9B}.Release|x64.Build.0 = Release|Any CPU
		{9266D49B-2A90-4945-AE77-BDA85CC8FF9B}.Release|x86.ActiveCfg = Release|Any CPU
		{9266D49B-2A90-4945-AE77-BDA85CC8FF9B}.Release|x86.Build.0 = Release|Any CPU
		{55056BDF-B58C-4D34-93C4-771ECE50FC32}.Debug|Any CPU.ActiveCfg = Debug|Any CPU
		{55056BDF-B58C-4D34-93C4-771ECE50FC32}.Debug|Any CPU.Build.0 = Debug|Any CPU
		{55056BDF-B58C-4D34-93C4-771ECE50FC32}.Debug|x64.ActiveCfg = Debug|Any CPU
		{55056BDF-B58C-4D34-93C4-771ECE50FC32}.Debug|x64.Build.0 = Debug|Any CPU
		{55056BDF-B58C-4D34-93C4-771ECE50FC32}.Debug|x86.ActiveCfg = Debug|Any CPU
		{55056BDF-B58C-4D34-93C4-771ECE50FC32}.Debug|x86.Build.0 = Debug|Any CPU
		{55056BDF-B58C-4D34-93C4-771ECE50FC32}.Release|Any CPU.ActiveCfg = Release|Any CPU
		{55056BDF-B58C-4D34-93C4-771ECE50FC32}.Release|Any CPU.Build.0 = Release|Any CPU
		{55056BDF-B58C-4D34-93C4-771ECE50FC32}.Release|x64.ActiveCfg = Release|Any CPU
		{55056BDF-B58C-4D34-93C4-771ECE50FC32}.Release|x64.Build.0 = Release|Any CPU
		{55056BDF-B58C-4D34-93C4-771ECE50FC32}.Release|x86.ActiveCfg = Release|Any CPU
		{55056BDF-B58C-4D34-93C4-771ECE50FC32}.Release|x86.Build.0 = Release|Any CPU
		{34B96D5C-6727-46AF-B505-08FEFB040806}.Debug|Any CPU.ActiveCfg = Debug|Any CPU
		{34B96D5C-6727-46AF-B505-08FEFB040806}.Debug|Any CPU.Build.0 = Debug|Any CPU
		{34B96D5C-6727-46AF-B505-08FEFB040806}.Debug|x64.ActiveCfg = Debug|Any CPU
		{34B96D5C-6727-46AF-B505-08FEFB040806}.Debug|x64.Build.0 = Debug|Any CPU
		{34B96D5C-6727-46AF-B505-08FEFB040806}.Debug|x86.ActiveCfg = Debug|Any CPU
		{34B96D5C-6727-46AF-B505-08FEFB040806}.Debug|x86.Build.0 = Debug|Any CPU
		{34B96D5C-6727-46AF-B505-08FEFB040806}.Release|Any CPU.ActiveCfg = Release|Any CPU
		{34B96D5C-6727-46AF-B505-08FEFB040806}.Release|Any CPU.Build.0 = Release|Any CPU
		{34B96D5C-6727-46AF-B505-08FEFB040806}.Release|x64.ActiveCfg = Release|Any CPU
		{34B96D5C-6727-46AF-B505-08FEFB040806}.Release|x64.Build.0 = Release|Any CPU
		{34B96D5C-6727-46AF-B505-08FEFB040806}.Release|x86.ActiveCfg = Release|Any CPU
		{34B96D5C-6727-46AF-B505-08FEFB040806}.Release|x86.Build.0 = Release|Any CPU
		{897E84BC-7FAA-46E1-BF2B-3F66DC042032}.Debug|Any CPU.ActiveCfg = Debug|Any CPU
		{897E84BC-7FAA-46E1-BF2B-3F66DC042032}.Debug|Any CPU.Build.0 = Debug|Any CPU
		{897E84BC-7FAA-46E1-BF2B-3F66DC042032}.Debug|x64.ActiveCfg = Debug|Any CPU
		{897E84BC-7FAA-46E1-BF2B-3F66DC042032}.Debug|x64.Build.0 = Debug|Any CPU
		{897E84BC-7FAA-46E1-BF2B-3F66DC042032}.Debug|x86.ActiveCfg = Debug|Any CPU
		{897E84BC-7FAA-46E1-BF2B-3F66DC042032}.Debug|x86.Build.0 = Debug|Any CPU
		{897E84BC-7FAA-46E1-BF2B-3F66DC042032}.Release|Any CPU.ActiveCfg = Release|Any CPU
		{897E84BC-7FAA-46E1-BF2B-3F66DC042032}.Release|Any CPU.Build.0 = Release|Any CPU
		{897E84BC-7FAA-46E1-BF2B-3F66DC042032}.Release|x64.ActiveCfg = Release|Any CPU
		{897E84BC-7FAA-46E1-BF2B-3F66DC042032}.Release|x64.Build.0 = Release|Any CPU
		{897E84BC-7FAA-46E1-BF2B-3F66DC042032}.Release|x86.ActiveCfg = Release|Any CPU
		{897E84BC-7FAA-46E1-BF2B-3F66DC042032}.Release|x86.Build.0 = Release|Any CPU
		{15BEC4F4-BE6E-4DAB-9109-C81BB1B406C4}.Debug|Any CPU.ActiveCfg = Debug|Any CPU
		{15BEC4F4-BE6E-4DAB-9109-C81BB1B406C4}.Debug|Any CPU.Build.0 = Debug|Any CPU
		{15BEC4F4-BE6E-4DAB-9109-C81BB1B406C4}.Debug|x64.ActiveCfg = Debug|Any CPU
		{15BEC4F4-BE6E-4DAB-9109-C81BB1B406C4}.Debug|x64.Build.0 = Debug|Any CPU
		{15BEC4F4-BE6E-4DAB-9109-C81BB1B406C4}.Debug|x86.ActiveCfg = Debug|Any CPU
		{15BEC4F4-BE6E-4DAB-9109-C81BB1B406C4}.Debug|x86.Build.0 = Debug|Any CPU
		{15BEC4F4-BE6E-4DAB-9109-C81BB1B406C4}.Release|Any CPU.ActiveCfg = Release|Any CPU
		{15BEC4F4-BE6E-4DAB-9109-C81BB1B406C4}.Release|Any CPU.Build.0 = Release|Any CPU
		{15BEC4F4-BE6E-4DAB-9109-C81BB1B406C4}.Release|x64.ActiveCfg = Release|Any CPU
		{15BEC4F4-BE6E-4DAB-9109-C81BB1B406C4}.Release|x64.Build.0 = Release|Any CPU
		{15BEC4F4-BE6E-4DAB-9109-C81BB1B406C4}.Release|x86.ActiveCfg = Release|Any CPU
		{15BEC4F4-BE6E-4DAB-9109-C81BB1B406C4}.Release|x86.Build.0 = Release|Any CPU
	EndGlobalSection
	GlobalSection(SolutionProperties) = preSolution
		HideSolutionNode = FALSE
	EndGlobalSection
	GlobalSection(NestedProjects) = preSolution
		{9460F699-2B9B-4EF4-9F65-011AB28EED9F} = {23D04F1F-0F5F-4C3D-8581-D79C4A04D787}
		{C3736074-86A0-417D-9E16-D6E5EC1E4393} = {9460F699-2B9B-4EF4-9F65-011AB28EED9F}
		{91320802-8527-4ADF-89DA-76F42604E272} = {23D04F1F-0F5F-4C3D-8581-D79C4A04D787}
		{4FB5579F-50E8-4585-8D69-6B5293A679EE} = {91320802-8527-4ADF-89DA-76F42604E272}
		{91359696-2D32-4A7D-8882-33FD1AECD185} = {9460F699-2B9B-4EF4-9F65-011AB28EED9F}
		{E0A43122-FCD0-4ED0-A9A9-DCDA6DF0F07C} = {9460F699-2B9B-4EF4-9F65-011AB28EED9F}
		{9266D49B-2A90-4945-AE77-BDA85CC8FF9B} = {9460F699-2B9B-4EF4-9F65-011AB28EED9F}
		{55056BDF-B58C-4D34-93C4-771ECE50FC32} = {9460F699-2B9B-4EF4-9F65-011AB28EED9F}
		{34B96D5C-6727-46AF-B505-08FEFB040806} = {9460F699-2B9B-4EF4-9F65-011AB28EED9F}
		{897E84BC-7FAA-46E1-BF2B-3F66DC042032} = {9460F699-2B9B-4EF4-9F65-011AB28EED9F}
		{A8E48965-BE7E-4CAE-A4A7-90DD284843F8} = {23D04F1F-0F5F-4C3D-8581-D79C4A04D787}
		{42E9C0D4-41E2-448E-A8F2-65FE533CEAEC} = {A8E48965-BE7E-4CAE-A4A7-90DD284843F8}
		{15BEC4F4-BE6E-4DAB-9109-C81BB1B406C4} = {42E9C0D4-41E2-448E-A8F2-65FE533CEAEC}
	EndGlobalSection
	GlobalSection(ExtensibilityGlobals) = postSolution
		SolutionGuid = {30F51B36-A4E8-4131-B0F7-FEAC23E1D014}
	EndGlobalSection
EndGlobal
